
Microsoft Visual Studio Solution File, Format Version 12.00
# Visual Studio 15
VisualStudioVersion = 15.0.27703.2035
MinimumVisualStudioVersion = 10.0.40219.1
Project("{9A19103F-16F7-4668-BE54-9A1E7A4F7556}") = "Ocelot.JwtAuthorize", "Ocelot.JWTAuthorize\Ocelot.JwtAuthorize.csproj", "{E7856AA0-A765-486A-B763-63539E91458D}"
EndProject
Project("{2150E333-8FDC-42A3-9474-1A3956D46DE8}") = "Sample", "Sample", "{BAF09B8D-0B9D-4448-A454-499143A6659C}"
EndProject
Project("{9A19103F-16F7-4668-BE54-9A1E7A4F7556}") = "OcelotSample", "sample\OcelotSample\OcelotSample.csproj", "{5040389F-6EC0-4A4B-9026-E362F1C568E1}"
EndProject
Project("{9A19103F-16F7-4668-BE54-9A1E7A4F7556}") = "APISample", "sample\APISample\APISample.csproj", "{9289BA80-14BD-41FE-928F-0B3A598B0D61}"
EndProject
Project("{9A19103F-16F7-4668-BE54-9A1E7A4F7556}") = "AuthorizeSample", "sample\AuthorizeSample\AuthorizeSample.csproj", "{56C9C9DA-4597-4D29-85A3-B289790C68BC}"
EndProject
Global
	GlobalSection(SolutionConfigurationPlatforms) = preSolution
		Debug|Any CPU = Debug|Any CPU
		Release|Any CPU = Release|Any CPU
	EndGlobalSection
	GlobalSection(ProjectConfigurationPlatforms) = postSolution
		{E7856AA0-A765-486A-B763-63539E91458D}.Debug|Any CPU.ActiveCfg = Debug|Any CPU
		{E7856AA0-A765-486A-B763-63539E91458D}.Debug|Any CPU.Build.0 = Debug|Any CPU
		{E7856AA0-A765-486A-B763-63539E91458D}.Release|Any CPU.ActiveCfg = Release|Any CPU
		{E7856AA0-A765-486A-B763-63539E91458D}.Release|Any CPU.Build.0 = Release|Any CPU
		{5040389F-6EC0-4A4B-9026-E362F1C568E1}.Debug|Any CPU.ActiveCfg = Debug|Any CPU
		{5040389F-6EC0-4A4B-9026-E362F1C568E1}.Debug|Any CPU.Build.0 = Debug|Any CPU
		{5040389F-6EC0-4A4B-9026-E362F1C568E1}.Release|Any CPU.ActiveCfg = Release|Any CPU
		{5040389F-6EC0-4A4B-9026-E362F1C568E1}.Release|Any CPU.Build.0 = Release|Any CPU
		{9289BA80-14BD-41FE-928F-0B3A598B0D61}.Debug|Any CPU.ActiveCfg = Debug|Any CPU
		{9289BA80-14BD-41FE-928F-0B3A598B0D61}.Debug|Any CPU.Build.0 = Debug|Any CPU
		{9289BA80-14BD-41FE-928F-0B3A598B0D61}.Release|Any CPU.ActiveCfg = Release|Any CPU
		{9289BA80-14BD-41FE-928F-0B3A598B0D61}.Release|Any CPU.Build.0 = Release|Any CPU
		{56C9C9DA-4597-4D29-85A3-B289790C68BC}.Debug|Any CPU.ActiveCfg = Debug|Any CPU
		{56C9C9DA-4597-4D29-85A3-B289790C68BC}.Debug|Any CPU.Build.0 = Debug|Any CPU
		{56C9C9DA-4597-4D29-85A3-B289790C68BC}.Release|Any CPU.ActiveCfg = Release|Any CPU
		{56C9C9DA-4597-4D29-85A3-B289790C68BC}.Release|Any CPU.Build.0 = Release|Any CPU
	EndGlobalSection
	GlobalSection(SolutionProperties) = preSolution
		HideSolutionNode = FALSE
	EndGlobalSection
	GlobalSection(NestedProjects) = preSolution
		{5040389F-6EC0-4A4B-9026-E362F1C568E1} = {BAF09B8D-0B9D-4448-A454-499143A6659C}
		{9289BA80-14BD-41FE-928F-0B3A598B0D61} = {BAF09B8D-0B9D-4448-A454-499143A6659C}
		{56C9C9DA-4597-4D29-85A3-B289790C68BC} = {BAF09B8D-0B9D-4448-A454-499143A6659C}
	EndGlobalSection
	GlobalSection(ExtensibilityGlobals) = postSolution
		SolutionGuid = {A84E44B6-0D30-4D4F-AB1C-DC4CE4C51ABE}
	EndGlobalSection
EndGlobal
