
Microsoft Visual Studio Solution File, Format Version 12.00
# Visual Studio 15
VisualStudioVersion = 15.0.27703.2035
MinimumVisualStudioVersion = 10.0.40219.1
Project("{FAE04EC0-301F-11D3-BF4B-00C04F79EFBC}") = "Ocelot.JWTAuthorize", "Ocelot.JWTAuthorize\Ocelot.JWTAuthorize.csproj", "{E7856AA0-A765-486A-B763-63539E91458D}"
EndProject
Global
	GlobalSection(SolutionConfigurationPlatforms) = preSolution
		Debug|Any CPU = Debug|Any CPU
		Release|Any CPU = Release|Any CPU
	EndGlobalSection
	GlobalSection(ProjectConfigurationPlatforms) = postSolution
		{E7856AA0-A765-486A-B763-63539E91458D}.Debug|Any CPU.ActiveCfg = Debug|Any CPU
		{E7856AA0-A765-486A-B763-63539E91458D}.Debug|Any CPU.Build.0 = Debug|Any CPU
		{E7856AA0-A765-486A-B763-63539E91458D}.Release|Any CPU.ActiveCfg = Release|Any CPU
		{E7856AA0-A765-486A-B763-63539E91458D}.Release|Any CPU.Build.0 = Release|Any CPU
	EndGlobalSection
	GlobalSection(SolutionProperties) = preSolution
		HideSolutionNode = FALSE
	EndGlobalSection
	GlobalSection(ExtensibilityGlobals) = postSolution
		SolutionGuid = {A84E44B6-0D30-4D4F-AB1C-DC4CE4C51ABE}
	EndGlobalSection
EndGlobal
